
Microsoft Visual Studio Solution File, Format Version 12.00
# Visual Studio Version 16
VisualStudioVersion = 16.0.29709.97
MinimumVisualStudioVersion = 10.0.40219.1
Project("{FAE04EC0-301F-11D3-BF4B-00C04F79EFBC}") = "21.5.20_Odev", "21.5.20_Odev\21.5.20_Odev.csproj", "{0528CE2E-72A1-4393-BF07-8B5AE9512538}"
EndProject
Global
	GlobalSection(SolutionConfigurationPlatforms) = preSolution
		Debug|Any CPU = Debug|Any CPU
		Release|Any CPU = Release|Any CPU
	EndGlobalSection
	GlobalSection(ProjectConfigurationPlatforms) = postSolution
		{0528CE2E-72A1-4393-BF07-8B5AE9512538}.Debug|Any CPU.ActiveCfg = Debug|Any CPU
		{0528CE2E-72A1-4393-BF07-8B5AE9512538}.Debug|Any CPU.Build.0 = Debug|Any CPU
		{0528CE2E-72A1-4393-BF07-8B5AE9512538}.Release|Any CPU.ActiveCfg = Release|Any CPU
		{0528CE2E-72A1-4393-BF07-8B5AE9512538}.Release|Any CPU.Build.0 = Release|Any CPU
	EndGlobalSection
	GlobalSection(SolutionProperties) = preSolution
		HideSolutionNode = FALSE
	EndGlobalSection
	GlobalSection(ExtensibilityGlobals) = postSolution
		SolutionGuid = {DC346381-42AA-4EF7-845F-A9CF40CDFF24}
	EndGlobalSection
EndGlobal
